
Microsoft Visual Studio Solution File, Format Version 12.00
# Visual Studio Version 16
VisualStudioVersion = 16.0.29905.134
MinimumVisualStudioVersion = 10.0.40219.1
Project("{9A19103F-16F7-4668-BE54-9A1E7A4F7556}") = "SVW_BYSJ_WEB", "BlazorApp1\SVW_BYSJ_WEB.csproj", "{AD86EA33-A6FA-4278-AFE1-32DA33CB6750}"
EndProject
Global
	GlobalSection(SolutionConfigurationPlatforms) = preSolution
		Debug|Any CPU = Debug|Any CPU
		Release|Any CPU = Release|Any CPU
	EndGlobalSection
	GlobalSection(ProjectConfigurationPlatforms) = postSolution
		{AD86EA33-A6FA-4278-AFE1-32DA33CB6750}.Debug|Any CPU.ActiveCfg = Debug|Any CPU
		{AD86EA33-A6FA-4278-AFE1-32DA33CB6750}.Debug|Any CPU.Build.0 = Debug|Any CPU
		{AD86EA33-A6FA-4278-AFE1-32DA33CB6750}.Release|Any CPU.ActiveCfg = Release|Any CPU
		{AD86EA33-A6FA-4278-AFE1-32DA33CB6750}.Release|Any CPU.Build.0 = Release|Any CPU
	EndGlobalSection
	GlobalSection(SolutionProperties) = preSolution
		HideSolutionNode = FALSE
	EndGlobalSection
	GlobalSection(ExtensibilityGlobals) = postSolution
		SolutionGuid = {8F0A6F35-0F7C-4207-A349-7E671F964416}
	EndGlobalSection
EndGlobal
